{
  "name": "INSPIRE",
  "lockfileVersion": 3,
  "requires": true,
  "packages": {
    "": {
      "dependencies": {
        "@supabase/supabase-js": "^2.117.2",
        "clsx": "^2.1.1",
        "framer-motion": "^13.4.4",
        "lucide-react": "^1.48.0",
        "tailwind-merge": "^3.7.0"
      }
    },
    "node_modules/@supabase/auth-js": {
      "version": "2.117.2",
      "resolved": "https://registry.npmjs.org/@supabase/auth-js/-/auth-js-2.117.2.tgz",
      "integrity": "sha512-Z3WnGwrphYZubrLbxp5Iv0tLA9A5GhvKzJ/ZXglxqwd2QEH2R4dXRltjVJ8sIn4xEW2BSFIGT0yALVJIgZeDYw==",
      "license": "MIT",
      "dependencies": {
        "tslib": "2.8.1"
      },
      "engines": {
        "node": ">=22.0.0"
      }
    },
    "node_modules/@supabase/functions-js": {
      "version": "2.117.2",
      "resolved": "https://registry.npmjs.org/@supabase/functions-js/-/functions-js-2.117.2.tgz",
      "integrity": "sha512-6DT4ZIjmZxa9ANKaBIrjc86AyKrX8M376ynvNeOBBVad3eP7x3UHqWfDR2ynFkHGzCuOpr1A+kObmnahxuwuog==",
      "license": "MIT",
      "dependencies": {
        "tslib": "2.8.1"
      },
      "engines": {
        "node": ">=22.0.0"
      }
    },
    "node_modules/@supabase/phoenix": {
      "version": "0.4.5",
      "resolved": "https://registry.npmjs.org/@supabase/phoenix/-/phoenix-0.4.5.tgz",
      "integrity": "sha512-aAn9H9ovVyeApKy11OWOrrOGq8DV68yWeH4ud2lN9fzn4aO8Zb5GLL9m1pUg9nLqIcT+ZDfAcsZe0E/nqdv2lw==",
      "license": "MIT"
    },
    "node_modules/@supabase/postgrest-js": {
      "version": "2.117.2",
      "resolved": "https://registry.npmjs.org/@supabase/postgrest-js/-/postgrest-js-2.117.2.tgz",
      "integrity": "sha512-V1Qhn+M8xzJqCasOxHZ2KG19Fj39PxU7weEAmOK65/KTsWCRXboB4hcQwFvxRvM7ZikeP9IZWNvQkfjvSxzYFw==",
      "license": "MIT",
      "dependencies": {
        "tslib": "2.8.1"
      },
      "engines": {
        "node": ">=22.0.0"
      }
    },
    "node_modules/@supabase/realtime-js": {
      "version": "2.117.2",
      "resolved": "https://registry.npmjs.org/@supabase/realtime-js/-/realtime-js-2.117.2.tgz",
      "integrity": "sha512-lYXSAIg3eAKA58riUED6Vb+TCzF8jtx18uOoiCaVJ7ZMre6FWBpwB1MPeW+B6vykJT/hPdiuqwcSB7ILMS21ew==",
      "license": "MIT",
      "dependencies": {
        "@supabase/phoenix": "0.4.5",
        "tslib": "2.8.1"
      },
      "engines": {
        "node": ">=22.0.0"
      }
    },
    "node_modules/@supabase/storage-js": {
      "version": "2.117.2",
      "resolved": "https://registry.npmjs.org/@supabase/storage-js/-/storage-js-2.117.2.tgz",
      "integrity": "sha512-8gAJoVaxZa/War2kFRfJMxGk4M190Q7lJ70BofwGlRxU/u9pIodd6XyTvmXkxOKXWuIYtkDaYPZrIAUt1T/7FQ==",
      "license": "MIT",
      "dependencies": {
        "iceberg-js": "^0.8.1",
        "tslib": "2.8.1"
      },
      "engines": {
        "node": ">=22.0.0"
      }
    },
    "node_modules/@supabase/supabase-js": {
      "version": "2.117.2",
      "resolved": "https://registry.npmjs.org/@supabase/supabase-js/-/supabase-js-2.117.2.tgz",
      "integrity": "sha512-eSG2VKnHR+Clp1PmidZ1/weJ8PJwoybjva3L2GgKqFG4YDS1Iqmc61psKGZP5xw6OMT2O7ZorPR42PY6q1BOXg==",
      "license": "MIT",
      "dependencies": {
        "@supabase/auth-js": "2.117.2",
        "@supabase/functions-js": "2.117.2",
        "@supabase/postgrest-js": "2.117.2",
        "@supabase/realtime-js": "2.117.2",
        "@supabase/storage-js": "2.117.2"
      },
      "engines": {
        "node": ">=22.0.0"
      },
      "peerDependencies": {
        "@opentelemetry/api": ">=1.0.0"
      },
      "peerDependenciesMeta": {
        "@opentelemetry/api": {
          "optional": true
        }
      }
    },
    "node_modules/clsx": {
      "version": "2.1.1",
      "resolved": "https://registry.npmjs.org/clsx/-/clsx-2.1.1.tgz",
      "integrity": "sha512-eYm0QWBtUrBWZWG0d386OGAw16Z995PiOVo2B7bjWSbHedGl5e0ZWaq65kOGgUSNesEIDkB9ISbTg/JK9dhCZA==",
      "license": "MIT",
      "engines": {
        "node": ">=6"
      }
    },
    "node_modules/framer-motion": {
      "version": "13.4.4",
      "resolved": "https://registry.npmjs.org/framer-motion/-/framer-motion-13.4.4.tgz",
      "integrity": "sha512-lbsZO95NGbulo6apz70zEt6Vxf/anoRwQI2ECEc/EQYWO5CGbITtl7plDW8P/VXgXw6e8wrbhH4a9i+ygke0Mg==",
      "license": "MIT",
      "dependencies": {
        "motion-dom": "^13.4.4",
        "motion-utils": "^13.3.0",
        "tslib": "^2.4.0"
      },
      "peerDependencies": {
        "react": "^18.0.0 || ^19.0.0",
        "react-dom": "^18.0.0 || ^19.0.0"
      },
      "peerDependenciesMeta": {
        "react": {
          "optional": true
        },
        "react-dom": {
          "optional": true
        }
      }
    },
    "node_modules/iceberg-js": {
      "version": "0.8.1",
      "resolved": "https://registry.npmjs.org/iceberg-js/-/iceberg-js-0.8.1.tgz",
      "integrity": "sha512-1dhVQZXhcHje7798IVM+xoo/1ZdVfzOMIc8/rgVSijRK38EDqOJoGula9N/8ZI5RD8QTxNQtK/Gozpr+qUqRRA==",
      "license": "MIT",
      "engines": {
        "node": ">=20.0.0"
      }
    },
    "node_modules/lucide-react": {
      "version": "1.48.0",
      "resolved": "https://registry.npmjs.org/lucide-react/-/lucide-react-1.48.0.tgz",
      "integrity": "sha512-R0CIKY/fXiC6y9xRBADgsK+VW2p/pcTJOMhLZf1T+uG+vJUvyUR02nGOgmIIC7MPkiNK4Ox8QDnbqF8rJYWPZQ==",
      "license": "ISC",
      "peerDependencies": {
        "react": "^16.5.1 || ^17.0.0 || ^18.0.0 || ^19.0.0"
      }
    },
    "node_modules/motion-dom": {
      "version": "13.4.4",
      "resolved": "https://registry.npmjs.org/motion-dom/-/motion-dom-13.4.4.tgz",
      "integrity": "sha512-z2qN3RUABSci4G7cr5aHTFhqPNCWJsEMMfRlzxqtANQsSCIbVJmHvMV288m5x7doEQBTYbRTWbKdztmquCn4Sw==",
      "license": "MIT",
      "dependencies": {
        "motion-utils": "^13.3.0"
      }
    },
    "node_modules/motion-utils": {
      "version": "13.3.0",
      "resolved": "https://registry.npmjs.org/motion-utils/-/motion-utils-13.3.0.tgz",
      "integrity": "sha512-sgSschQp7EseHInIlR7hBbMuvet3RA0bs28KPZAXJcGKGdxHGvh1ogpYDilY3bOMtl73EqPNmp75sAKHYPU5sg==",
      "license": "MIT"
    },
    "node_modules/react": {
      "version": "19.3.0",
      "resolved": "https://registry.npmjs.org/react/-/react-19.3.0.tgz",
      "integrity": "sha512-E8LUcbtBWt20bbl2YoHfx4ZDBdxVTfOKtCZn9cDSJ4l6/nuoApcpIBcj47t2wZoVX8g2ZHuMHbiShgCR1T5Sog==",
      "license": "MIT",
      "peer": true,
      "engines": {
        "node": ">=0.10.0"
      }
    },
    "node_modules/tailwind-merge": {
      "version": "3.7.0",
      "resolved": "https://registry.npmjs.org/tailwind-merge/-/tailwind-merge-3.7.0.tgz",
      "integrity": "sha512-XPPUyAc+cvspz3lHTcR/QgPfW2A0lv/xQNIjX3HGhLR+Nq2lHaLq5MtTesHn8GUr3W3DguT2KT5x3NVgRtYwmA==",
      "license": "MIT",
      "funding": {
        "type": "github",
        "url": "https://github.com/sponsors/dcastil"
      }
    },
    "node_modules/tslib": {
      "version": "2.8.1",
      "resolved": "https://registry.npmjs.org/tslib/-/tslib-2.8.1.tgz",
      "integrity": "sha512-oJFu94HQb+KVduSUQL7wnpmqnfmLsOA/nAh6b6EH0wCEoK0/mPeXU6c3wKDV83MkOuHPRHtSXKKU99IBazS/2w==",
      "license": "0BSD"
    }
  }
}
